dependencies:
- name: elasticsearch
  repository: https://kubernetes-charts.storage.googleapis.com/
  version: 1.27.3
- name: kibana
  repository: https://kubernetes-charts.storage.googleapis.com/
  version: 2.3.1
- name: fluentd
  repository: https://kubernetes-charts.storage.googleapis.com/
  version: 1.9.1
- name: fluentd-elasticsearch
  repository: https://kubernetes-charts.storage.googleapis.com/
  version: 2.0.7
- name: nginx-ldapauth-proxy
  repository: https://kubernetes-charts.storage.googleapis.com/
  version: 0.1.2
- name: elasticsearch-curator
  repository: https://kubernetes-charts.storage.googleapis.com/
  version: 1.5.0
- name: elasticsearch-exporter
  repository: https://kubernetes-charts.storage.googleapis.com/
  version: 1.2.0
- name: elastalert
  repository: https://kubernetes-charts.storage.googleapis.com/
  version: 1.0.0
digest: sha256:e60f25b9ef5b9861ed317da8fb0cb58bcf46166c2ef4730d7b72e4b1302bc893
generated: "2019-05-30T12:28:22.815519942-07:00"
