dependencies:
- name: elasticsearch
  repository: https://kubernetes-charts.storage.googleapis.com/
  version: 1.27.3
- name: kibana
  repository: https://kubernetes-charts.storage.googleapis.com/
  version: 2.3.1
- name: fluentd
  repository: https://kubernetes-charts.storage.googleapis.com/
  version: 1.9.1
- name: fluentd-elasticsearch
  repository: https://kubernetes-charts.storage.googleapis.com/
  version: 2.0.7
- name: nginx-ldapauth-proxy
  repository: https://kubernetes-charts.storage.googleapis.com/
  version: 0.1.2
- name: elasticsearch-curator
  repository: https://kubernetes-charts.storage.googleapis.com/
  version: 1.5.0
- name: elasticsearch-exporter
  repository: https://kubernetes-charts.storage.googleapis.com/
  version: 1.2.0
digest: sha256:fd157d015f8023985fdd2525b9f59df6a0aac660edbd0b6155be41a53801ed20
generated: "2019-05-29T13:21:53.357530235-07:00"
